
Microsoft Visual Studio Solution File, Format Version 12.00
# Visual Studio Version 17
VisualStudioVersion = 17.2.32616.157
MinimumVisualStudioVersion = 10.0.40219.1
Project("{FAE04EC0-301F-11D3-BF4B-00C04F79EFBC}") = "CustomIdentity.Server", "CustomIdentity\Server\CustomIdentity.Server.csproj", "{0C6522DB-C8BE-44AE-9090-E1F4EAC96C05}"
EndProject
Project("{FAE04EC0-301F-11D3-BF4B-00C04F79EFBC}") = "CustomIdentity.Client", "CustomIdentity\Client\CustomIdentity.Client.csproj", "{1C5859E7-563A-4030-AD2A-FC6EFC3D78CC}"
EndProject
Project("{FAE04EC0-301F-11D3-BF4B-00C04F79EFBC}") = "CustomIdentity.Shared", "CustomIdentity\Shared\CustomIdentity.Shared.csproj", "{81BD1EF4-87E5-4AF4-B276-0FA839EDF1AA}"
EndProject
Global
	GlobalSection(SolutionConfigurationPlatforms) = preSolution
		Debug|Any CPU = Debug|Any CPU
		Release|Any CPU = Release|Any CPU
	EndGlobalSection
	GlobalSection(ProjectConfigurationPlatforms) = postSolution
		{0C6522DB-C8BE-44AE-9090-E1F4EAC96C05}.Debug|Any CPU.ActiveCfg = Debug|Any CPU
		{0C6522DB-C8BE-44AE-9090-E1F4EAC96C05}.Debug|Any CPU.Build.0 = Debug|Any CPU
		{0C6522DB-C8BE-44AE-9090-E1F4EAC96C05}.Release|Any CPU.ActiveCfg = Release|Any CPU
		{0C6522DB-C8BE-44AE-9090-E1F4EAC96C05}.Release|Any CPU.Build.0 = Release|Any CPU
		{1C5859E7-563A-4030-AD2A-FC6EFC3D78CC}.Debug|Any CPU.ActiveCfg = Debug|Any CPU
		{1C5859E7-563A-4030-AD2A-FC6EFC3D78CC}.Debug|Any CPU.Build.0 = Debug|Any CPU
		{1C5859E7-563A-4030-AD2A-FC6EFC3D78CC}.Release|Any CPU.ActiveCfg = Release|Any CPU
		{1C5859E7-563A-4030-AD2A-FC6EFC3D78CC}.Release|Any CPU.Build.0 = Release|Any CPU
		{81BD1EF4-87E5-4AF4-B276-0FA839EDF1AA}.Debug|Any CPU.ActiveCfg = Debug|Any CPU
		{81BD1EF4-87E5-4AF4-B276-0FA839EDF1AA}.Debug|Any CPU.Build.0 = Debug|Any CPU
		{81BD1EF4-87E5-4AF4-B276-0FA839EDF1AA}.Release|Any CPU.ActiveCfg = Release|Any CPU
		{81BD1EF4-87E5-4AF4-B276-0FA839EDF1AA}.Release|Any CPU.Build.0 = Release|Any CPU
	EndGlobalSection
	GlobalSection(SolutionProperties) = preSolution
		HideSolutionNode = FALSE
	EndGlobalSection
	GlobalSection(ExtensibilityGlobals) = postSolution
		SolutionGuid = {A9F6F497-6672-4C8B-8038-5A8447D3023C}
	EndGlobalSection
EndGlobal
